{
  "name": "INTMAIN_BACKEND",
  "lockfileVersion": 3,
  "requires": true,
  "packages": {
    "": {
      "dependencies": {
        "md-editor-v3": "^2.3.0"
      }
    },
    "node_modules/@types/marked": {
      "version": "4.3.2",
      "resolved": "https://registry.npmjs.org/@types/marked/-/marked-4.3.2.tgz",
      "integrity": "sha512-a79Yc3TOk6dGdituy8hmTTJXjOkZ7zsFYV10L337ttq/rec8lRMDBpV7fL3uLx6TgbFCa5DU/h8FmIBQPSbU0w=="
    },
    "node_modules/md-editor-v3": {
      "version": "2.3.0",
      "resolved": "https://registry.npmjs.org/md-editor-v3/-/md-editor-v3-2.3.0.tgz",
      "integrity": "sha512-HZiOSwOct3YsuTtsTucEg5o9mSRkgnazVn2sTInjG+d+zlMQE6iCMmDyGICBoh5Im0kmX2Pf6Sxhz6qp/0XngQ==",
      "dependencies": {
        "@types/marked": "^4.0.3"
      },
      "engines": {
        "node": ">=12.0.0"
      }
    }
  }
}
